Microsoft Visual Studio Solution File, Format Version 12.00
# Visual Studio Version 17
VisualStudioVersion = 17.5.2.0
MinimumVisualStudioVersion = 10.0.40219.1
Project("{FAE04EC0-301F-11D3-BF4B-00C04F79EFBC}") = "BlazorMoviewReview", "BlazorMoviewReview.csproj", "{03435156-F695-6F6D-D453-F337FC1F7B28}"
EndProject
Global
	GlobalSection(SolutionConfigurationPlatforms) = preSolution
		Debug|Any CPU = Debug|Any CPU
		Release|Any CPU = Release|Any CPU
	EndGlobalSection
	GlobalSection(ProjectConfigurationPlatforms) = postSolution
		{03435156-F695-6F6D-D453-F337FC1F7B28}.Debug|Any CPU.ActiveCfg = Debug|Any CPU
		{03435156-F695-6F6D-D453-F337FC1F7B28}.Debug|Any CPU.Build.0 = Debug|Any CPU
		{03435156-F695-6F6D-D453-F337FC1F7B28}.Release|Any CPU.ActiveCfg = Release|Any CPU
		{03435156-F695-6F6D-D453-F337FC1F7B28}.Release|Any CPU.Build.0 = Release|Any CPU
	EndGlobalSection
	GlobalSection(SolutionProperties) = preSolution
		HideSolutionNode = FALSE
	EndGlobalSection
	GlobalSection(ExtensibilityGlobals) = postSolution
		SolutionGuid = {A07BC88D-C07C-4EE9-A2EF-72E382BE3000}
	EndGlobalSection
EndGlobal
